
Microsoft Visual Studio Solution File, Format Version 12.00
# Visual Studio Version 16
VisualStudioVersion = 16.0.31321.278
MinimumVisualStudioVersion = 10.0.40219.1
Project("{2150E333-8FDC-42A3-9474-1A3956D46DE8}") = "01 - Presentation", "01 - Presentation", "{03A01EE1-AEDD-4FC9-A40D-3F854F9F2AA2}"
EndProject
Project("{2150E333-8FDC-42A3-9474-1A3956D46DE8}") = "02 - Data", "02 - Data", "{D7A77F3C-6AF2-4DCD-B68F-BFAB5115C289}"
EndProject
Project("{FAE04EC0-301F-11D3-BF4B-00C04F79EFBC}") = "Mvc", "Mvc\Mvc.csproj", "{49860951-CBDE-4E66-8A71-2EE6C9852770}"
EndProject
Project("{FAE04EC0-301F-11D3-BF4B-00C04F79EFBC}") = "Data", "Data\Data.csproj", "{16B8661A-A257-46D6-8ACD-9F19A607C3A5}"
EndProject
Global
	GlobalSection(SolutionConfigurationPlatforms) = preSolution
		Debug|Any CPU = Debug|Any CPU
		Release|Any CPU = Release|Any CPU
	EndGlobalSection
	GlobalSection(ProjectConfigurationPlatforms) = postSolution
		{49860951-CBDE-4E66-8A71-2EE6C9852770}.Debug|Any CPU.ActiveCfg = Debug|Any CPU
		{49860951-CBDE-4E66-8A71-2EE6C9852770}.Debug|Any CPU.Build.0 = Debug|Any CPU
		{49860951-CBDE-4E66-8A71-2EE6C9852770}.Release|Any CPU.ActiveCfg = Release|Any CPU
		{49860951-CBDE-4E66-8A71-2EE6C9852770}.Release|Any CPU.Build.0 = Release|Any CPU
		{16B8661A-A257-46D6-8ACD-9F19A607C3A5}.Debug|Any CPU.ActiveCfg = Debug|Any CPU
		{16B8661A-A257-46D6-8ACD-9F19A607C3A5}.Debug|Any CPU.Build.0 = Debug|Any CPU
		{16B8661A-A257-46D6-8ACD-9F19A607C3A5}.Release|Any CPU.ActiveCfg = Release|Any CPU
		{16B8661A-A257-46D6-8ACD-9F19A607C3A5}.Release|Any CPU.Build.0 = Release|Any CPU
	EndGlobalSection
	GlobalSection(SolutionProperties) = preSolution
		HideSolutionNode = FALSE
	EndGlobalSection
	GlobalSection(NestedProjects) = preSolution
		{49860951-CBDE-4E66-8A71-2EE6C9852770} = {03A01EE1-AEDD-4FC9-A40D-3F854F9F2AA2}
		{16B8661A-A257-46D6-8ACD-9F19A607C3A5} = {D7A77F3C-6AF2-4DCD-B68F-BFAB5115C289}
	EndGlobalSection
	GlobalSection(ExtensibilityGlobals) = postSolution
		SolutionGuid = {55DECD88-DB1D-4533-93F9-68AB5ED7E9E6}
	EndGlobalSection
EndGlobal
